
Microsoft Visual Studio Solution File, Format Version 12.00
# Visual Studio Version 17
VisualStudioVersion = 17.5.33530.505
MinimumVisualStudioVersion = 10.0.40219.1
Project("{8BC9CEB8-8B4A-11D0-8D11-00A0C91BC942}") = "1", "1\1.vcxproj", "{ADAD7981-D3E5-46EF-913F-45D1ECC2A3F5}"
EndProject
Project("{8BC9CEB8-8B4A-11D0-8D11-00A0C91BC942}") = "2", "2\2.vcxproj", "{F0F49986-B809-44D7-818A-CCA7DA44FCC4}"
EndProject
Global
	GlobalSection(SolutionConfigurationPlatforms) = preSolution
		Debug|x64 = Debug|x64
		Debug|x86 = Debug|x86
		Release|x64 = Release|x64
		Release|x86 = Release|x86
	EndGlobalSection
	GlobalSection(ProjectConfigurationPlatforms) = postSolution
		{ADAD7981-D3E5-46EF-913F-45D1ECC2A3F5}.Debug|x64.ActiveCfg = Debug|x64
		{ADAD7981-D3E5-46EF-913F-45D1ECC2A3F5}.Debug|x64.Build.0 = Debug|x64
		{ADAD7981-D3E5-46EF-913F-45D1ECC2A3F5}.Debug|x86.ActiveCfg = Debug|Win32
		{ADAD7981-D3E5-46EF-913F-45D1ECC2A3F5}.Debug|x86.Build.0 = Debug|Win32
		{ADAD7981-D3E5-46EF-913F-45D1ECC2A3F5}.Release|x64.ActiveCfg = Release|x64
		{ADAD7981-D3E5-46EF-913F-45D1ECC2A3F5}.Release|x64.Build.0 = Release|x64
		{ADAD7981-D3E5-46EF-913F-45D1ECC2A3F5}.Release|x86.ActiveCfg = Release|Win32
		{ADAD7981-D3E5-46EF-913F-45D1ECC2A3F5}.Release|x86.Build.0 = Release|Win32
		{F0F49986-B809-44D7-818A-CCA7DA44FCC4}.Debug|x64.ActiveCfg = Debug|x64
		{F0F49986-B809-44D7-818A-CCA7DA44FCC4}.Debug|x64.Build.0 = Debug|x64
		{F0F49986-B809-44D7-818A-CCA7DA44FCC4}.Debug|x86.ActiveCfg = Debug|Win32
		{F0F49986-B809-44D7-818A-CCA7DA44FCC4}.Debug|x86.Build.0 = Debug|Win32
		{F0F49986-B809-44D7-818A-CCA7DA44FCC4}.Release|x64.ActiveCfg = Release|x64
		{F0F49986-B809-44D7-818A-CCA7DA44FCC4}.Release|x64.Build.0 = Release|x64
		{F0F49986-B809-44D7-818A-CCA7DA44FCC4}.Release|x86.ActiveCfg = Release|Win32
		{F0F49986-B809-44D7-818A-CCA7DA44FCC4}.Release|x86.Build.0 = Release|Win32
	EndGlobalSection
	GlobalSection(SolutionProperties) = preSolution
		HideSolutionNode = FALSE
	EndGlobalSection
	GlobalSection(ExtensibilityGlobals) = postSolution
		SolutionGuid = {DAA1378D-611C-41B1-B7C9-064E3F2FCB42}
	EndGlobalSection
EndGlobal
