
Microsoft Visual Studio Solution File, Format Version 12.00
# Visual Studio Version 17
VisualStudioVersion = 17.5.33530.505
MinimumVisualStudioVersion = 10.0.40219.1
Project("{8BC9CEB8-8B4A-11D0-8D11-00A0C91BC942}") = "1", "1\1.vcxproj", "{3D2F942E-82AD-4396-9D6B-243220990A2D}"
EndProject
Project("{8BC9CEB8-8B4A-11D0-8D11-00A0C91BC942}") = "2", "2\2.vcxproj", "{5769CFDB-130B-486F-89AC-90E875C0AC08}"
EndProject
Project("{8BC9CEB8-8B4A-11D0-8D11-00A0C91BC942}") = "3", "3\3.vcxproj", "{D976C4B7-6D10-402E-901A-64C881BEF753}"
EndProject
Global
	GlobalSection(SolutionConfigurationPlatforms) = preSolution
		Debug|x64 = Debug|x64
		Debug|x86 = Debug|x86
		Release|x64 = Release|x64
		Release|x86 = Release|x86
	EndGlobalSection
	GlobalSection(ProjectConfigurationPlatforms) = postSolution
		{3D2F942E-82AD-4396-9D6B-243220990A2D}.Debug|x64.ActiveCfg = Debug|x64
		{3D2F942E-82AD-4396-9D6B-243220990A2D}.Debug|x64.Build.0 = Debug|x64
		{3D2F942E-82AD-4396-9D6B-243220990A2D}.Debug|x86.ActiveCfg = Debug|Win32
		{3D2F942E-82AD-4396-9D6B-243220990A2D}.Debug|x86.Build.0 = Debug|Win32
		{3D2F942E-82AD-4396-9D6B-243220990A2D}.Release|x64.ActiveCfg = Release|x64
		{3D2F942E-82AD-4396-9D6B-243220990A2D}.Release|x64.Build.0 = Release|x64
		{3D2F942E-82AD-4396-9D6B-243220990A2D}.Release|x86.ActiveCfg = Release|Win32
		{3D2F942E-82AD-4396-9D6B-243220990A2D}.Release|x86.Build.0 = Release|Win32
		{5769CFDB-130B-486F-89AC-90E875C0AC08}.Debug|x64.ActiveCfg = Debug|x64
		{5769CFDB-130B-486F-89AC-90E875C0AC08}.Debug|x64.Build.0 = Debug|x64
		{5769CFDB-130B-486F-89AC-90E875C0AC08}.Debug|x86.ActiveCfg = Debug|Win32
		{5769CFDB-130B-486F-89AC-90E875C0AC08}.Debug|x86.Build.0 = Debug|Win32
		{5769CFDB-130B-486F-89AC-90E875C0AC08}.Release|x64.ActiveCfg = Release|x64
		{5769CFDB-130B-486F-89AC-90E875C0AC08}.Release|x64.Build.0 = Release|x64
		{5769CFDB-130B-486F-89AC-90E875C0AC08}.Release|x86.ActiveCfg = Release|Win32
		{5769CFDB-130B-486F-89AC-90E875C0AC08}.Release|x86.Build.0 = Release|Win32
		{D976C4B7-6D10-402E-901A-64C881BEF753}.Debug|x64.ActiveCfg = Debug|x64
		{D976C4B7-6D10-402E-901A-64C881BEF753}.Debug|x64.Build.0 = Debug|x64
		{D976C4B7-6D10-402E-901A-64C881BEF753}.Debug|x86.ActiveCfg = Debug|Win32
		{D976C4B7-6D10-402E-901A-64C881BEF753}.Debug|x86.Build.0 = Debug|Win32
		{D976C4B7-6D10-402E-901A-64C881BEF753}.Release|x64.ActiveCfg = Release|x64
		{D976C4B7-6D10-402E-901A-64C881BEF753}.Release|x64.Build.0 = Release|x64
		{D976C4B7-6D10-402E-901A-64C881BEF753}.Release|x86.ActiveCfg = Release|Win32
		{D976C4B7-6D10-402E-901A-64C881BEF753}.Release|x86.Build.0 = Release|Win32
	EndGlobalSection
	GlobalSection(SolutionProperties) = preSolution
		HideSolutionNode = FALSE
	EndGlobalSection
	GlobalSection(ExtensibilityGlobals) = postSolution
		SolutionGuid = {3359AC01-3025-4AAA-9E7B-BC390BA999BA}
	EndGlobalSection
EndGlobal
