
Microsoft Visual Studio Solution File, Format Version 12.00
# Visual Studio Version 17
VisualStudioVersion = 17.5.33530.505
MinimumVisualStudioVersion = 10.0.40219.1
Project("{8BC9CEB8-8B4A-11D0-8D11-00A0C91BC942}") = "1", "1\1.vcxproj", "{896DCD6F-65B4-4432-9234-32E17D62545D}"
EndProject
Project("{8BC9CEB8-8B4A-11D0-8D11-00A0C91BC942}") = "2", "2\2.vcxproj", "{270EF48C-6BBF-400B-8FC2-63B3D0C554B2}"
EndProject
Global
	GlobalSection(SolutionConfigurationPlatforms) = preSolution
		Debug|x64 = Debug|x64
		Debug|x86 = Debug|x86
		Release|x64 = Release|x64
		Release|x86 = Release|x86
	EndGlobalSection
	GlobalSection(ProjectConfigurationPlatforms) = postSolution
		{896DCD6F-65B4-4432-9234-32E17D62545D}.Debug|x64.ActiveCfg = Debug|x64
		{896DCD6F-65B4-4432-9234-32E17D62545D}.Debug|x64.Build.0 = Debug|x64
		{896DCD6F-65B4-4432-9234-32E17D62545D}.Debug|x86.ActiveCfg = Debug|Win32
		{896DCD6F-65B4-4432-9234-32E17D62545D}.Debug|x86.Build.0 = Debug|Win32
		{896DCD6F-65B4-4432-9234-32E17D62545D}.Release|x64.ActiveCfg = Release|x64
		{896DCD6F-65B4-4432-9234-32E17D62545D}.Release|x64.Build.0 = Release|x64
		{896DCD6F-65B4-4432-9234-32E17D62545D}.Release|x86.ActiveCfg = Release|Win32
		{896DCD6F-65B4-4432-9234-32E17D62545D}.Release|x86.Build.0 = Release|Win32
		{270EF48C-6BBF-400B-8FC2-63B3D0C554B2}.Debug|x64.ActiveCfg = Debug|x64
		{270EF48C-6BBF-400B-8FC2-63B3D0C554B2}.Debug|x64.Build.0 = Debug|x64
		{270EF48C-6BBF-400B-8FC2-63B3D0C554B2}.Debug|x86.ActiveCfg = Debug|Win32
		{270EF48C-6BBF-400B-8FC2-63B3D0C554B2}.Debug|x86.Build.0 = Debug|Win32
		{270EF48C-6BBF-400B-8FC2-63B3D0C554B2}.Release|x64.ActiveCfg = Release|x64
		{270EF48C-6BBF-400B-8FC2-63B3D0C554B2}.Release|x64.Build.0 = Release|x64
		{270EF48C-6BBF-400B-8FC2-63B3D0C554B2}.Release|x86.ActiveCfg = Release|Win32
		{270EF48C-6BBF-400B-8FC2-63B3D0C554B2}.Release|x86.Build.0 = Release|Win32
	EndGlobalSection
	GlobalSection(SolutionProperties) = preSolution
		HideSolutionNode = FALSE
	EndGlobalSection
	GlobalSection(ExtensibilityGlobals) = postSolution
		SolutionGuid = {1C4D9B00-23AC-490A-8966-CD1A18BD193C}
	EndGlobalSection
EndGlobal
