
Microsoft Visual Studio Solution File, Format Version 12.00
# Visual Studio Version 17
VisualStudioVersion = 17.5.33530.505
MinimumVisualStudioVersion = 10.0.40219.1
Project("{8BC9CEB8-8B4A-11D0-8D11-00A0C91BC942}") = "1", "1\1.vcxproj", "{24DF8937-A7FC-45C1-99C2-E3AE3CBB0469}"
EndProject
Project("{8BC9CEB8-8B4A-11D0-8D11-00A0C91BC942}") = "2", "2\2.vcxproj", "{A980E9DC-B846-4AA0-9E3D-A185998707B9}"
EndProject
Project("{8BC9CEB8-8B4A-11D0-8D11-00A0C91BC942}") = "3", "3\3.vcxproj", "{9FF332E8-E9A0-4E30-ADC0-5DED61E1DA51}"
EndProject
Global
	GlobalSection(SolutionConfigurationPlatforms) = preSolution
		Debug|x64 = Debug|x64
		Debug|x86 = Debug|x86
		Release|x64 = Release|x64
		Release|x86 = Release|x86
	EndGlobalSection
	GlobalSection(ProjectConfigurationPlatforms) = postSolution
		{24DF8937-A7FC-45C1-99C2-E3AE3CBB0469}.Debug|x64.ActiveCfg = Debug|x64
		{24DF8937-A7FC-45C1-99C2-E3AE3CBB0469}.Debug|x64.Build.0 = Debug|x64
		{24DF8937-A7FC-45C1-99C2-E3AE3CBB0469}.Debug|x86.ActiveCfg = Debug|Win32
		{24DF8937-A7FC-45C1-99C2-E3AE3CBB0469}.Debug|x86.Build.0 = Debug|Win32
		{24DF8937-A7FC-45C1-99C2-E3AE3CBB0469}.Release|x64.ActiveCfg = Release|x64
		{24DF8937-A7FC-45C1-99C2-E3AE3CBB0469}.Release|x64.Build.0 = Release|x64
		{24DF8937-A7FC-45C1-99C2-E3AE3CBB0469}.Release|x86.ActiveCfg = Release|Win32
		{24DF8937-A7FC-45C1-99C2-E3AE3CBB0469}.Release|x86.Build.0 = Release|Win32
		{A980E9DC-B846-4AA0-9E3D-A185998707B9}.Debug|x64.ActiveCfg = Debug|x64
		{A980E9DC-B846-4AA0-9E3D-A185998707B9}.Debug|x64.Build.0 = Debug|x64
		{A980E9DC-B846-4AA0-9E3D-A185998707B9}.Debug|x86.ActiveCfg = Debug|Win32
		{A980E9DC-B846-4AA0-9E3D-A185998707B9}.Debug|x86.Build.0 = Debug|Win32
		{A980E9DC-B846-4AA0-9E3D-A185998707B9}.Release|x64.ActiveCfg = Release|x64
		{A980E9DC-B846-4AA0-9E3D-A185998707B9}.Release|x64.Build.0 = Release|x64
		{A980E9DC-B846-4AA0-9E3D-A185998707B9}.Release|x86.ActiveCfg = Release|Win32
		{A980E9DC-B846-4AA0-9E3D-A185998707B9}.Release|x86.Build.0 = Release|Win32
		{9FF332E8-E9A0-4E30-ADC0-5DED61E1DA51}.Debug|x64.ActiveCfg = Debug|x64
		{9FF332E8-E9A0-4E30-ADC0-5DED61E1DA51}.Debug|x64.Build.0 = Debug|x64
		{9FF332E8-E9A0-4E30-ADC0-5DED61E1DA51}.Debug|x86.ActiveCfg = Debug|Win32
		{9FF332E8-E9A0-4E30-ADC0-5DED61E1DA51}.Debug|x86.Build.0 = Debug|Win32
		{9FF332E8-E9A0-4E30-ADC0-5DED61E1DA51}.Release|x64.ActiveCfg = Release|x64
		{9FF332E8-E9A0-4E30-ADC0-5DED61E1DA51}.Release|x64.Build.0 = Release|x64
		{9FF332E8-E9A0-4E30-ADC0-5DED61E1DA51}.Release|x86.ActiveCfg = Release|Win32
		{9FF332E8-E9A0-4E30-ADC0-5DED61E1DA51}.Release|x86.Build.0 = Release|Win32
	EndGlobalSection
	GlobalSection(SolutionProperties) = preSolution
		HideSolutionNode = FALSE
	EndGlobalSection
	GlobalSection(ExtensibilityGlobals) = postSolution
		SolutionGuid = {0FE9140A-CBA1-4645-A033-DB5AA31281A2}
	EndGlobalSection
EndGlobal
