
Microsoft Visual Studio Solution File, Format Version 12.00
# Visual Studio Version 17
VisualStudioVersion = 17.5.33530.505
MinimumVisualStudioVersion = 10.0.40219.1
Project("{8BC9CEB8-8B4A-11D0-8D11-00A0C91BC942}") = "1", "1\1.vcxproj", "{697FEB75-DD94-454F-98D2-62BE663AA1A9}"
EndProject
Project("{8BC9CEB8-8B4A-11D0-8D11-00A0C91BC942}") = "2", "2\2.vcxproj", "{A90D6899-051F-410B-95B7-FB214683CE17}"
EndProject
Global
	GlobalSection(SolutionConfigurationPlatforms) = preSolution
		Debug|x64 = Debug|x64
		Debug|x86 = Debug|x86
		Release|x64 = Release|x64
		Release|x86 = Release|x86
	EndGlobalSection
	GlobalSection(ProjectConfigurationPlatforms) = postSolution
		{697FEB75-DD94-454F-98D2-62BE663AA1A9}.Debug|x64.ActiveCfg = Debug|x64
		{697FEB75-DD94-454F-98D2-62BE663AA1A9}.Debug|x64.Build.0 = Debug|x64
		{697FEB75-DD94-454F-98D2-62BE663AA1A9}.Debug|x86.ActiveCfg = Debug|Win32
		{697FEB75-DD94-454F-98D2-62BE663AA1A9}.Debug|x86.Build.0 = Debug|Win32
		{697FEB75-DD94-454F-98D2-62BE663AA1A9}.Release|x64.ActiveCfg = Release|x64
		{697FEB75-DD94-454F-98D2-62BE663AA1A9}.Release|x64.Build.0 = Release|x64
		{697FEB75-DD94-454F-98D2-62BE663AA1A9}.Release|x86.ActiveCfg = Release|Win32
		{697FEB75-DD94-454F-98D2-62BE663AA1A9}.Release|x86.Build.0 = Release|Win32
		{A90D6899-051F-410B-95B7-FB214683CE17}.Debug|x64.ActiveCfg = Debug|x64
		{A90D6899-051F-410B-95B7-FB214683CE17}.Debug|x64.Build.0 = Debug|x64
		{A90D6899-051F-410B-95B7-FB214683CE17}.Debug|x86.ActiveCfg = Debug|Win32
		{A90D6899-051F-410B-95B7-FB214683CE17}.Debug|x86.Build.0 = Debug|Win32
		{A90D6899-051F-410B-95B7-FB214683CE17}.Release|x64.ActiveCfg = Release|x64
		{A90D6899-051F-410B-95B7-FB214683CE17}.Release|x64.Build.0 = Release|x64
		{A90D6899-051F-410B-95B7-FB214683CE17}.Release|x86.ActiveCfg = Release|Win32
		{A90D6899-051F-410B-95B7-FB214683CE17}.Release|x86.Build.0 = Release|Win32
	EndGlobalSection
	GlobalSection(SolutionProperties) = preSolution
		HideSolutionNode = FALSE
	EndGlobalSection
	GlobalSection(ExtensibilityGlobals) = postSolution
		SolutionGuid = {AE50C930-3C2E-4EA1-AFCC-B986EC5F73F9}
	EndGlobalSection
EndGlobal
